// !$*UTF8*$!
{
	archiveVersion = 1;
	classes = {
	};
	objectVersion = 54;
	objects = {

/* Begin PBXBuildFile section */
		0C80B921A6F3F58F76C31292 /* libPods-HorseShipt.a in Frameworks */ = {isa = PBXBuildFile; fileRef = 5DCACB8F33CDC322A6C60F78 /* libPods-HorseShipt.a */; };
		13B07FBF1A68108700A75B9A /* Images.xcassets in Resources */ = {isa = PBXBuildFile; fileRef = 13B07FB51A68108700A75B9A /* Images.xcassets */; };
		761780ED2CA45674006654EE /* AppDelegate.swift in Sources */ = {isa = PBXBuildFile; fileRef = 761780EC2CA45674006654EE /* AppDelegate.swift */; };
		81AB9BB82411601600AC10FF /* LaunchScreen.storyboard in Resources */ = {isa = PBXBuildFile; fileRef = 81AB9BB72411601600AC10FF /* LaunchScreen.storyboard */; };
		1F7304DED85D4E068286D205 /* DMSans_24pt-Thin.ttf in Resources */ = {isa = PBXBuildFile; fileRef = 92F09CC21AA84DE79670F7B6 /* DMSans_24pt-Thin.ttf */; };
		C3B58C15619D480994879A01 /* DMSans-Regular.ttf in Resources */ = {isa = PBXBuildFile; fileRef = B2F737176D3A435089C38C90 /* DMSans-Regular.ttf */; };
		1F466B54EE9B4780AD66DCF8 /* DMSans_36pt-Black.ttf in Resources */ = {isa = PBXBuildFile; fileRef = CAA269B223D14FDB895515C9 /* DMSans_36pt-Black.ttf */; };
		963D9F22CFEA4DF799E9B044 /* DMSans_18pt-Medium.ttf in Resources */ = {isa = PBXBuildFile; fileRef = B083B41C831E470AB47D2A8A /* DMSans_18pt-Medium.ttf */; };
		D6EDBD640432495A8ECCB018 /* DMSans_36pt-ExtraBold.ttf in Resources */ = {isa = PBXBuildFile; fileRef = FDC45372745043678F9368AA /* DMSans_36pt-ExtraBold.ttf */; };
		E5A064F3064649D4A0436725 /* DMSans_18pt-Light.ttf in Resources */ = {isa = PBXBuildFile; fileRef = 13B426167FEB4DC4A3E313B1 /* DMSans_18pt-Light.ttf */; };
		DF994118FF7A4186AD3B3360 /* DMSans_36pt-Bold.ttf in Resources */ = {isa = PBXBuildFile; fileRef = 43834CB27B1A4BD4B0B3D06D /* DMSans_36pt-Bold.ttf */; };
		EDAE6DE500DE40DA8462951E /* DMSans_36pt-Thin.ttf in Resources */ = {isa = PBXBuildFile; fileRef = CA1E10ADFD234DD0B2BDD5B3 /* DMSans_36pt-Thin.ttf */; };
		21E79F63C3A242E9A049E6E8 /* DMSans-ExtraLight.ttf in Resources */ = {isa = PBXBuildFile; fileRef = 0FFBECC8D49A4AC0B39B9B61 /* DMSans-ExtraLight.ttf */; };
		D033A4DE9103466DAA917839 /* DMSans_24pt-Bold.ttf in Resources */ = {isa = PBXBuildFile; fileRef = 1FE194A3AACB480F9AE63F63 /* DMSans_24pt-Bold.ttf */; };
		55719F13E8604ECF8D76ACA6 /* DMSans-Black.ttf in Resources */ = {isa = PBXBuildFile; fileRef = E2D3F4F765DE4ECEB0DCE671 /* DMSans-Black.ttf */; };
		9DDB75DAD58F464F969C957B /* DMSans-ExtraBold.ttf in Resources */ = {isa = PBXBuildFile; fileRef = 56F3F18D1CDB467BAA97A631 /* DMSans-ExtraBold.ttf */; };
		DD32716F36E14EA7887F532B /* DMSans-Medium.ttf in Resources */ = {isa = PBXBuildFile; fileRef = 76643F8E420140B2A6CB5518 /* DMSans-Medium.ttf */; };
		34F2C78C01904C62955EC941 /* DMSans_18pt-Regular.ttf in Resources */ = {isa = PBXBuildFile; fileRef = 879FCDC1D2FA4F0DB6020A7A /* DMSans_18pt-Regular.ttf */; };
		23561BA4B5294683B9B42289 /* DMSans_18pt-Black.ttf in Resources */ = {isa = PBXBuildFile; fileRef = F79799CD776D404AAB35F396 /* DMSans_18pt-Black.ttf */; };
		8E56C237BFBC4972A40F8A01 /* DMSans_36pt-Medium.ttf in Resources */ = {isa = PBXBuildFile; fileRef = 7497010866AF45C78FC636AE /* DMSans_36pt-Medium.ttf */; };
		169E7ED3C04742DF925EA917 /* DMSans_36pt-SemiBold.ttf in Resources */ = {isa = PBXBuildFile; fileRef = 90B9CD21628447DFAF7F6A97 /* DMSans_36pt-SemiBold.ttf */; };
		122B048FBA5D4C959DDB9533 /* DMSans_18pt-SemiBold.ttf in Resources */ = {isa = PBXBuildFile; fileRef = 02617AE40BC243728DDA1FC1 /* DMSans_18pt-SemiBold.ttf */; };
		DFA62577BC3E409FA48DEB55 /* DMSans_18pt-Bold.ttf in Resources */ = {isa = PBXBuildFile; fileRef = 91F00FFD8FB2427CA6AFF707 /* DMSans_18pt-Bold.ttf */; };
		06A8D30EC45A41D88DFCE32F /* DMSans_18pt-ExtraBold.ttf in Resources */ = {isa = PBXBuildFile; fileRef = C23086893BBE4E04A89CB93E /* DMSans_18pt-ExtraBold.ttf */; };
		25D5AE865F2E40288C1FB2AD /* DMSans-Light.ttf in Resources */ = {isa = PBXBuildFile; fileRef = 68CECDB321974B2093B45DED /* DMSans-Light.ttf */; };
		AE63C94601B24F6EB320192A /* DMSans-Thin.ttf in Resources */ = {isa = PBXBuildFile; fileRef = 5417A4483B38418FAE01A9E5 /* DMSans-Thin.ttf */; };
		5751DC8F32254F3C9147AAAB /* DMSans_24pt-ExtraBold.ttf in Resources */ = {isa = PBXBuildFile; fileRef = 35C5A17BD29F4338AEECA30E /* DMSans_24pt-ExtraBold.ttf */; };
		E3F139DA37E3498CA64398BC /* DMSans_24pt-ExtraLight.ttf in Resources */ = {isa = PBXBuildFile; fileRef = 13AA788804ED426EB63F4699 /* DMSans_24pt-ExtraLight.ttf */; };
		BFD134E908A64ECB9DC42B20 /* DMSans_24pt-Regular.ttf in Resources */ = {isa = PBXBuildFile; fileRef = 1D0E363F3CCB420A9042F638 /* DMSans_24pt-Regular.ttf */; };
		0C7A4E56EC0E4358BA290B6A /* DMSans_36pt-Light.ttf in Resources */ = {isa = PBXBuildFile; fileRef = 7C952DA46D334F78A2922A38 /* DMSans_36pt-Light.ttf */; };
		998043C0A0CE4FDD864DE59D /* DMSans_24pt-Black.ttf in Resources */ = {isa = PBXBuildFile; fileRef = 0208DB5DC49D46BA9CE0EEDD /* DMSans_24pt-Black.ttf */; };
		26D91E97C5C943C4A6039F66 /* DMSans_18pt-BlackItalic.ttf in Resources */ = {isa = PBXBuildFile; fileRef = 255BF9CE341941EE8F2465C6 /* DMSans_18pt-BlackItalic.ttf */; };
		6E8620FDDF594CD8ACAB99A9 /* DMSans_36pt-ExtraLight.ttf in Resources */ = {isa = PBXBuildFile; fileRef = E945558B6C97432691AE7A0A /* DMSans_36pt-ExtraLight.ttf */; };
		9370A517F7C94CEFA489DDFB /* DMSans-Bold.ttf in Resources */ = {isa = PBXBuildFile; fileRef = E021BEFB76FF4D66A3DA5882 /* DMSans-Bold.ttf */; };
		E4E52D90DB4F47EC8AEA378E /* DMSans_24pt-Medium.ttf in Resources */ = {isa = PBXBuildFile; fileRef = E72EFB2BED9B45AB8DFAEEFC /* DMSans_24pt-Medium.ttf */; };
		168D6E52129143ABACEB6862 /* DMSans_18pt-ExtraLight.ttf in Resources */ = {isa = PBXBuildFile; fileRef = BF2F07D3260F4805A038CCB7 /* DMSans_18pt-ExtraLight.ttf */; };
		42FC0ADA9EA5483C9F073A41 /* DMSans-SemiBold.ttf in Resources */ = {isa = PBXBuildFile; fileRef = 10C49776D1D44120809ED4DA /* DMSans-SemiBold.ttf */; };
		F090B6C62FB44B8E8C82AC35 /* DMSans_24pt-Light.ttf in Resources */ = {isa = PBXBuildFile; fileRef = 066480E60A9D436591D1B31A /* DMSans_24pt-Light.ttf */; };
		6D9896846B894120A45CD452 /* DMSans_24pt-SemiBold.ttf in Resources */ = {isa = PBXBuildFile; fileRef = 4D27EFE518E34A65A312B474 /* DMSans_24pt-SemiBold.ttf */; };
		529A4DF9F42C4E7B9DA93351 /* DMSans_18pt-Thin.ttf in Resources */ = {isa = PBXBuildFile; fileRef = 89854F11E5034CE5A98DABF2 /* DMSans_18pt-Thin.ttf */; };
		E41843A908B24BF993DC98B3 /* DMSans_36pt-Regular.ttf in Resources */ = {isa = PBXBuildFile; fileRef = 018BF73DAECE4DFFB65EAE38 /* DMSans_36pt-Regular.ttf */; };
		8FA68A70FBCB45729AA1655F /* Montserrat-Bold.ttf in Resources */ = {isa = PBXBuildFile; fileRef = 4385AE889DE84CD0AE64B609 /* Montserrat-Bold.ttf */; };
		C5DA08957FBB48588D50AC17 /* Montserrat-Thin.ttf in Resources */ = {isa = PBXBuildFile; fileRef = E360341112094188BD4FAE65 /* Montserrat-Thin.ttf */; };
		E045AFECDEED473386E76176 /* Montserrat-SemiBold.ttf in Resources */ = {isa = PBXBuildFile; fileRef = 7185BDA08DE944439630EBEA /* Montserrat-SemiBold.ttf */; };
		498F88AB7B874449A4AB8B54 /* Montserrat-Medium.ttf in Resources */ = {isa = PBXBuildFile; fileRef = 1304E03A75CE4D3A98AA1D6C /* Montserrat-Medium.ttf */; };
		A3A8EFB3749141EE9EA9B8C6 /* Montserrat-Light.ttf in Resources */ = {isa = PBXBuildFile; fileRef = 9479120C025242E9918B4EC3 /* Montserrat-Light.ttf */; };
		3B4B4471B4B7476DB61EF7D8 /* Montserrat-ExtraLight.ttf in Resources */ = {isa = PBXBuildFile; fileRef = C004A44CC71D4D7FA6C9B2EB /* Montserrat-ExtraLight.ttf */; };
		75BBBB12A4A644BDB9561CF1 /* Montserrat-Black.ttf in Resources */ = {isa = PBXBuildFile; fileRef = 0626B8563F474F358D2C0F8E /* Montserrat-Black.ttf */; };
		3B34CC8700A3457E8799800C /* Montserrat-Regular.ttf in Resources */ = {isa = PBXBuildFile; fileRef = 958FB69B8D8646079A065D49 /* Montserrat-Regular.ttf */; };
		419A3B7331A345BD86BDD42A /* Montserrat-ExtraBold.ttf in Resources */ = {isa = PBXBuildFile; fileRef = 338A03DF20064E008843C2CC /* Montserrat-ExtraBold.ttf */; };
/* End PBXBuildFile section */

/* Begin PBXFileReference section */
		13B07F961A680F5B00A75B9A /* HorseShipt.app */ = {isa = PBXFileReference; explicitFileType = wrapper.application; includeInIndex = 0; path = HorseShipt.app; sourceTree = BUILT_PRODUCTS_DIR; };
		13B07FB51A68108700A75B9A /* Images.xcassets */ = {isa = PBXFileReference; lastKnownFileType = folder.assetcatalog; name = Images.xcassets; path = HorseShipt/Images.xcassets; sourceTree = "<group>"; };
		13B07FB61A68108700A75B9A /* Info.plist */ = {isa = PBXFileReference; fileEncoding = 4; lastKnownFileType = text.plist.xml; name = Info.plist; path = HorseShipt/Info.plist; sourceTree = "<group>"; };
		13B07FB81A68108700A75B9A /* PrivacyInfo.xcprivacy */ = {isa = PBXFileReference; fileEncoding = 4; lastKnownFileType = text.plist.xml; name = PrivacyInfo.xcprivacy; path = HorseShipt/PrivacyInfo.xcprivacy; sourceTree = "<group>"; };
		3B4392A12AC88292D35C810B /* Pods-HorseShipt.debug.xcconfig */ = {isa = PBXFileReference; includeInIndex = 1; lastKnownFileType = text.xcconfig; name = "Pods-HorseShipt.debug.xcconfig"; path = "Target Support Files/Pods-HorseShipt/Pods-HorseShipt.debug.xcconfig"; sourceTree = "<group>"; };
		5709B34CF0A7D63546082F79 /* Pods-HorseShipt.release.xcconfig */ = {isa = PBXFileReference; includeInIndex = 1; lastKnownFileType = text.xcconfig; name = "Pods-HorseShipt.release.xcconfig"; path = "Target Support Files/Pods-HorseShipt/Pods-HorseShipt.release.xcconfig"; sourceTree = "<group>"; };
		5DCACB8F33CDC322A6C60F78 /* libPods-HorseShipt.a */ = {isa = PBXFileReference; explicitFileType = archive.ar; includeInIndex = 0; path = "libPods-HorseShipt.a"; sourceTree = BUILT_PRODUCTS_DIR; };
		761780EC2CA45674006654EE /* AppDelegate.swift */ = {isa = PBXFileReference; lastKnownFileType = sourcecode.swift; name = AppDelegate.swift; path = HorseShipt/AppDelegate.swift; sourceTree = "<group>"; };
		81AB9BB72411601600AC10FF /* LaunchScreen.storyboard */ = {isa = PBXFileReference; fileEncoding = 4; lastKnownFileType = file.storyboard; name = LaunchScreen.storyboard; path = HorseShipt/LaunchScreen.storyboard; sourceTree = "<group>"; };
		ED297162215061F000B7C4FE /* JavaScriptCore.framework */ = {isa = PBXFileReference; lastKnownFileType = wrapper.framework; name = JavaScriptCore.framework; path = System/Library/Frameworks/JavaScriptCore.framework; sourceTree = SDKROOT; };
		92F09CC21AA84DE79670F7B6 /* DMSans_24pt-Thin.ttf */ = {isa = PBXFileReference; name = "DMSans_24pt-Thin.ttf"; path = "../src/assets/fonts/DMSans_24pt-Thin.ttf"; sourceTree = "<group>"; fileEncoding = undefined; lastKnownFileType = unknown; explicitFileType = undefined; includeInIndex = 0; };
		B2F737176D3A435089C38C90 /* DMSans-Regular.ttf */ = {isa = PBXFileReference; name = "DMSans-Regular.ttf"; path = "../src/assets/fonts/DMSans-Regular.ttf"; sourceTree = "<group>"; fileEncoding = undefined; lastKnownFileType = unknown; explicitFileType = undefined; includeInIndex = 0; };
		CAA269B223D14FDB895515C9 /* DMSans_36pt-Black.ttf */ = {isa = PBXFileReference; name = "DMSans_36pt-Black.ttf"; path = "../src/assets/fonts/DMSans_36pt-Black.ttf"; sourceTree = "<group>"; fileEncoding = undefined; lastKnownFileType = unknown; explicitFileType = undefined; includeInIndex = 0; };
		B083B41C831E470AB47D2A8A /* DMSans_18pt-Medium.ttf */ = {isa = PBXFileReference; name = "DMSans_18pt-Medium.ttf"; path = "../src/assets/fonts/DMSans_18pt-Medium.ttf"; sourceTree = "<group>"; fileEncoding = undefined; lastKnownFileType = unknown; explicitFileType = undefined; includeInIndex = 0; };
		FDC45372745043678F9368AA /* DMSans_36pt-ExtraBold.ttf */ = {isa = PBXFileReference; name = "DMSans_36pt-ExtraBold.ttf"; path = "../src/assets/fonts/DMSans_36pt-ExtraBold.ttf"; sourceTree = "<group>"; fileEncoding = undefined; lastKnownFileType = unknown; explicitFileType = undefined; includeInIndex = 0; };
		13B426167FEB4DC4A3E313B1 /* DMSans_18pt-Light.ttf */ = {isa = PBXFileReference; name = "DMSans_18pt-Light.ttf"; path = "../src/assets/fonts/DMSans_18pt-Light.ttf"; sourceTree = "<group>"; fileEncoding = undefined; lastKnownFileType = unknown; explicitFileType = undefined; includeInIndex = 0; };
		43834CB27B1A4BD4B0B3D06D /* DMSans_36pt-Bold.ttf */ = {isa = PBXFileReference; name = "DMSans_36pt-Bold.ttf"; path = "../src/assets/fonts/DMSans_36pt-Bold.ttf"; sourceTree = "<group>"; fileEncoding = undefined; lastKnownFileType = unknown; explicitFileType = undefined; includeInIndex = 0; };
		CA1E10ADFD234DD0B2BDD5B3 /* DMSans_36pt-Thin.ttf */ = {isa = PBXFileReference; name = "DMSans_36pt-Thin.ttf"; path = "../src/assets/fonts/DMSans_36pt-Thin.ttf"; sourceTree = "<group>"; fileEncoding = undefined; lastKnownFileType = unknown; explicitFileType = undefined; includeInIndex = 0; };
		0FFBECC8D49A4AC0B39B9B61 /* DMSans-ExtraLight.ttf */ = {isa = PBXFileReference; name = "DMSans-ExtraLight.ttf"; path = "../src/assets/fonts/DMSans-ExtraLight.ttf"; sourceTree = "<group>"; fileEncoding = undefined; lastKnownFileType = unknown; explicitFileType = undefined; includeInIndex = 0; };
		1FE194A3AACB480F9AE63F63 /* DMSans_24pt-Bold.ttf */ = {isa = PBXFileReference; name = "DMSans_24pt-Bold.ttf"; path = "../src/assets/fonts/DMSans_24pt-Bold.ttf"; sourceTree = "<group>"; fileEncoding = undefined; lastKnownFileType = unknown; explicitFileType = undefined; includeInIndex = 0; };
		E2D3F4F765DE4ECEB0DCE671 /* DMSans-Black.ttf */ = {isa = PBXFileReference; name = "DMSans-Black.ttf"; path = "../src/assets/fonts/DMSans-Black.ttf"; sourceTree = "<group>"; fileEncoding = undefined; lastKnownFileType = unknown; explicitFileType = undefined; includeInIndex = 0; };
		56F3F18D1CDB467BAA97A631 /* DMSans-ExtraBold.ttf */ = {isa = PBXFileReference; name = "DMSans-ExtraBold.ttf"; path = "../src/assets/fonts/DMSans-ExtraBold.ttf"; sourceTree = "<group>"; fileEncoding = undefined; lastKnownFileType = unknown; explicitFileType = undefined; includeInIndex = 0; };
		76643F8E420140B2A6CB5518 /* DMSans-Medium.ttf */ = {isa = PBXFileReference; name = "DMSans-Medium.ttf"; path = "../src/assets/fonts/DMSans-Medium.ttf"; sourceTree = "<group>"; fileEncoding = undefined; lastKnownFileType = unknown; explicitFileType = undefined; includeInIndex = 0; };
		879FCDC1D2FA4F0DB6020A7A /* DMSans_18pt-Regular.ttf */ = {isa = PBXFileReference; name = "DMSans_18pt-Regular.ttf"; path = "../src/assets/fonts/DMSans_18pt-Regular.ttf"; sourceTree = "<group>"; fileEncoding = undefined; lastKnownFileType = unknown; explicitFileType = undefined; includeInIndex = 0; };
		F79799CD776D404AAB35F396 /* DMSans_18pt-Black.ttf */ = {isa = PBXFileReference; name = "DMSans_18pt-Black.ttf"; path = "../src/assets/fonts/DMSans_18pt-Black.ttf"; sourceTree = "<group>"; fileEncoding = undefined; lastKnownFileType = unknown; explicitFileType = undefined; includeInIndex = 0; };
		7497010866AF45C78FC636AE /* DMSans_36pt-Medium.ttf */ = {isa = PBXFileReference; name = "DMSans_36pt-Medium.ttf"; path = "../src/assets/fonts/DMSans_36pt-Medium.ttf"; sourceTree = "<group>"; fileEncoding = undefined; lastKnownFileType = unknown; explicitFileType = undefined; includeInIndex = 0; };
		90B9CD21628447DFAF7F6A97 /* DMSans_36pt-SemiBold.ttf */ = {isa = PBXFileReference; name = "DMSans_36pt-SemiBold.ttf"; path = "../src/assets/fonts/DMSans_36pt-SemiBold.ttf"; sourceTree = "<group>"; fileEncoding = undefined; lastKnownFileType = unknown; explicitFileType = undefined; includeInIndex = 0; };
		02617AE40BC243728DDA1FC1 /* DMSans_18pt-SemiBold.ttf */ = {isa = PBXFileReference; name = "DMSans_18pt-SemiBold.ttf"; path = "../src/assets/fonts/DMSans_18pt-SemiBold.ttf"; sourceTree = "<group>"; fileEncoding = undefined; lastKnownFileType = unknown; explicitFileType = undefined; includeInIndex = 0; };
		91F00FFD8FB2427CA6AFF707 /* DMSans_18pt-Bold.ttf */ = {isa = PBXFileReference; name = "DMSans_18pt-Bold.ttf"; path = "../src/assets/fonts/DMSans_18pt-Bold.ttf"; sourceTree = "<group>"; fileEncoding = undefined; lastKnownFileType = unknown; explicitFileType = undefined; includeInIndex = 0; };
		C23086893BBE4E04A89CB93E /* DMSans_18pt-ExtraBold.ttf */ = {isa = PBXFileReference; name = "DMSans_18pt-ExtraBold.ttf"; path = "../src/assets/fonts/DMSans_18pt-ExtraBold.ttf"; sourceTree = "<group>"; fileEncoding = undefined; lastKnownFileType = unknown; explicitFileType = undefined; includeInIndex = 0; };
		68CECDB321974B2093B45DED /* DMSans-Light.ttf */ = {isa = PBXFileReference; name = "DMSans-Light.ttf"; path = "../src/assets/fonts/DMSans-Light.ttf"; sourceTree = "<group>"; fileEncoding = undefined; lastKnownFileType = unknown; explicitFileType = undefined; includeInIndex = 0; };
		5417A4483B38418FAE01A9E5 /* DMSans-Thin.ttf */ = {isa = PBXFileReference; name = "DMSans-Thin.ttf"; path = "../src/assets/fonts/DMSans-Thin.ttf"; sourceTree = "<group>"; fileEncoding = undefined; lastKnownFileType = unknown; explicitFileType = undefined; includeInIndex = 0; };
		35C5A17BD29F4338AEECA30E /* DMSans_24pt-ExtraBold.ttf */ = {isa = PBXFileReference; name = "DMSans_24pt-ExtraBold.ttf"; path = "../src/assets/fonts/DMSans_24pt-ExtraBold.ttf"; sourceTree = "<group>"; fileEncoding = undefined; lastKnownFileType = unknown; explicitFileType = undefined; includeInIndex = 0; };
		13AA788804ED426EB63F4699 /* DMSans_24pt-ExtraLight.ttf */ = {isa = PBXFileReference; name = "DMSans_24pt-ExtraLight.ttf"; path = "../src/assets/fonts/DMSans_24pt-ExtraLight.ttf"; sourceTree = "<group>"; fileEncoding = undefined; lastKnownFileType = unknown; explicitFileType = undefined; includeInIndex = 0; };
		1D0E363F3CCB420A9042F638 /* DMSans_24pt-Regular.ttf */ = {isa = PBXFileReference; name = "DMSans_24pt-Regular.ttf"; path = "../src/assets/fonts/DMSans_24pt-Regular.ttf"; sourceTree = "<group>"; fileEncoding = undefined; lastKnownFileType = unknown; explicitFileType = undefined; includeInIndex = 0; };
		7C952DA46D334F78A2922A38 /* DMSans_36pt-Light.ttf */ = {isa = PBXFileReference; name = "DMSans_36pt-Light.ttf"; path = "../src/assets/fonts/DMSans_36pt-Light.ttf"; sourceTree = "<group>"; fileEncoding = undefined; lastKnownFileType = unknown; explicitFileType = undefined; includeInIndex = 0; };
		0208DB5DC49D46BA9CE0EEDD /* DMSans_24pt-Black.ttf */ = {isa = PBXFileReference; name = "DMSans_24pt-Black.ttf"; path = "../src/assets/fonts/DMSans_24pt-Black.ttf"; sourceTree = "<group>"; fileEncoding = undefined; lastKnownFileType = unknown; explicitFileType = undefined; includeInIndex = 0; };
		255BF9CE341941EE8F2465C6 /* DMSans_18pt-BlackItalic.ttf */ = {isa = PBXFileReference; name = "DMSans_18pt-BlackItalic.ttf"; path = "../src/assets/fonts/DMSans_18pt-BlackItalic.ttf"; sourceTree = "<group>"; fileEncoding = undefined; lastKnownFileType = unknown; explicitFileType = undefined; includeInIndex = 0; };
		E945558B6C97432691AE7A0A /* DMSans_36pt-ExtraLight.ttf */ = {isa = PBXFileReference; name = "DMSans_36pt-ExtraLight.ttf"; path = "../src/assets/fonts/DMSans_36pt-ExtraLight.ttf"; sourceTree = "<group>"; fileEncoding = undefined; lastKnownFileType = unknown; explicitFileType = undefined; includeInIndex = 0; };
		E021BEFB76FF4D66A3DA5882 /* DMSans-Bold.ttf */ = {isa = PBXFileReference; name = "DMSans-Bold.ttf"; path = "../src/assets/fonts/DMSans-Bold.ttf"; sourceTree = "<group>"; fileEncoding = undefined; lastKnownFileType = unknown; explicitFileType = undefined; includeInIndex = 0; };
		E72EFB2BED9B45AB8DFAEEFC /* DMSans_24pt-Medium.ttf */ = {isa = PBXFileReference; name = "DMSans_24pt-Medium.ttf"; path = "../src/assets/fonts/DMSans_24pt-Medium.ttf"; sourceTree = "<group>"; fileEncoding = undefined; lastKnownFileType = unknown; explicitFileType = undefined; includeInIndex = 0; };
		BF2F07D3260F4805A038CCB7 /* DMSans_18pt-ExtraLight.ttf */ = {isa = PBXFileReference; name = "DMSans_18pt-ExtraLight.ttf"; path = "../src/assets/fonts/DMSans_18pt-ExtraLight.ttf"; sourceTree = "<group>"; fileEncoding = undefined; lastKnownFileType = unknown; explicitFileType = undefined; includeInIndex = 0; };
		10C49776D1D44120809ED4DA /* DMSans-SemiBold.ttf */ = {isa = PBXFileReference; name = "DMSans-SemiBold.ttf"; path = "../src/assets/fonts/DMSans-SemiBold.ttf"; sourceTree = "<group>"; fileEncoding = undefined; lastKnownFileType = unknown; explicitFileType = undefined; includeInIndex = 0; };
		066480E60A9D436591D1B31A /* DMSans_24pt-Light.ttf */ = {isa = PBXFileReference; name = "DMSans_24pt-Light.ttf"; path = "../src/assets/fonts/DMSans_24pt-Light.ttf"; sourceTree = "<group>"; fileEncoding = undefined; lastKnownFileType = unknown; explicitFileType = undefined; includeInIndex = 0; };
		4D27EFE518E34A65A312B474 /* DMSans_24pt-SemiBold.ttf */ = {isa = PBXFileReference; name = "DMSans_24pt-SemiBold.ttf"; path = "../src/assets/fonts/DMSans_24pt-SemiBold.ttf"; sourceTree = "<group>"; fileEncoding = undefined; lastKnownFileType = unknown; explicitFileType = undefined; includeInIndex = 0; };
		89854F11E5034CE5A98DABF2 /* DMSans_18pt-Thin.ttf */ = {isa = PBXFileReference; name = "DMSans_18pt-Thin.ttf"; path = "../src/assets/fonts/DMSans_18pt-Thin.ttf"; sourceTree = "<group>"; fileEncoding = undefined; lastKnownFileType = unknown; explicitFileType = undefined; includeInIndex = 0; };
		018BF73DAECE4DFFB65EAE38 /* DMSans_36pt-Regular.ttf */ = {isa = PBXFileReference; name = "DMSans_36pt-Regular.ttf"; path = "../src/assets/fonts/DMSans_36pt-Regular.ttf"; sourceTree = "<group>"; fileEncoding = undefined; lastKnownFileType = unknown; explicitFileType = undefined; includeInIndex = 0; };
		4385AE889DE84CD0AE64B609 /* Montserrat-Bold.ttf */ = {isa = PBXFileReference; name = "Montserrat-Bold.ttf"; path = "../src/assets/fonts/Montserrat-Bold.ttf"; sourceTree = "<group>"; fileEncoding = undefined; lastKnownFileType = unknown; explicitFileType = undefined; includeInIndex = 0; };
		E360341112094188BD4FAE65 /* Montserrat-Thin.ttf */ = {isa = PBXFileReference; name = "Montserrat-Thin.ttf"; path = "../src/assets/fonts/Montserrat-Thin.ttf"; sourceTree = "<group>"; fileEncoding = undefined; lastKnownFileType = unknown; explicitFileType = undefined; includeInIndex = 0; };
		7185BDA08DE944439630EBEA /* Montserrat-SemiBold.ttf */ = {isa = PBXFileReference; name = "Montserrat-SemiBold.ttf"; path = "../src/assets/fonts/Montserrat-SemiBold.ttf"; sourceTree = "<group>"; fileEncoding = undefined; lastKnownFileType = unknown; explicitFileType = undefined; includeInIndex = 0; };
		1304E03A75CE4D3A98AA1D6C /* Montserrat-Medium.ttf */ = {isa = PBXFileReference; name = "Montserrat-Medium.ttf"; path = "../src/assets/fonts/Montserrat-Medium.ttf"; sourceTree = "<group>"; fileEncoding = undefined; lastKnownFileType = unknown; explicitFileType = undefined; includeInIndex = 0; };
		9479120C025242E9918B4EC3 /* Montserrat-Light.ttf */ = {isa = PBXFileReference; name = "Montserrat-Light.ttf"; path = "../src/assets/fonts/Montserrat-Light.ttf"; sourceTree = "<group>"; fileEncoding = undefined; lastKnownFileType = unknown; explicitFileType = undefined; includeInIndex = 0; };
		C004A44CC71D4D7FA6C9B2EB /* Montserrat-ExtraLight.ttf */ = {isa = PBXFileReference; name = "Montserrat-ExtraLight.ttf"; path = "../src/assets/fonts/Montserrat-ExtraLight.ttf"; sourceTree = "<group>"; fileEncoding = undefined; lastKnownFileType = unknown; explicitFileType = undefined; includeInIndex = 0; };
		0626B8563F474F358D2C0F8E /* Montserrat-Black.ttf */ = {isa = PBXFileReference; name = "Montserrat-Black.ttf"; path = "../src/assets/fonts/Montserrat-Black.ttf"; sourceTree = "<group>"; fileEncoding = undefined; lastKnownFileType = unknown; explicitFileType = undefined; includeInIndex = 0; };
		958FB69B8D8646079A065D49 /* Montserrat-Regular.ttf */ = {isa = PBXFileReference; name = "Montserrat-Regular.ttf"; path = "../src/assets/fonts/Montserrat-Regular.ttf"; sourceTree = "<group>"; fileEncoding = undefined; lastKnownFileType = unknown; explicitFileType = undefined; includeInIndex = 0; };
		338A03DF20064E008843C2CC /* Montserrat-ExtraBold.ttf */ = {isa = PBXFileReference; name = "Montserrat-ExtraBold.ttf"; path = "../src/assets/fonts/Montserrat-ExtraBold.ttf"; sourceTree = "<group>"; fileEncoding = undefined; lastKnownFileType = unknown; explicitFileType = undefined; includeInIndex = 0; };
/* End PBXFileReference section */

/* Begin PBXFrameworksBuildPhase section */
		13B07F8C1A680F5B00A75B9A /* Frameworks */ = {
			isa = PBXFrameworksBuildPhase;
			buildActionMask = 2147483647;
			files = (
				0C80B921A6F3F58F76C31292 /* libPods-HorseShipt.a in Frameworks */,
			);
			runOnlyForDeploymentPostprocessing = 0;
		};
/* End PBXFrameworksBuildPhase section */

/* Begin PBXGroup section */
		13B07FAE1A68108700A75B9A /* HorseShipt */ = {
			isa = PBXGroup;
			children = (
				13B07FB51A68108700A75B9A /* Images.xcassets */,
				761780EC2CA45674006654EE /* AppDelegate.swift */,
				13B07FB61A68108700A75B9A /* Info.plist */,
				81AB9BB72411601600AC10FF /* LaunchScreen.storyboard */,
				13B07FB81A68108700A75B9A /* PrivacyInfo.xcprivacy */,
			);
			name = HorseShipt;
			sourceTree = "<group>";
		};
		2D16E6871FA4F8E400B85C8A /* Frameworks */ = {
			isa = PBXGroup;
			children = (
				ED297162215061F000B7C4FE /* JavaScriptCore.framework */,
				5DCACB8F33CDC322A6C60F78 /* libPods-HorseShipt.a */,
			);
			name = Frameworks;
			sourceTree = "<group>";
		};
		832341AE1AAA6A7D00B99B32 /* Libraries */ = {
			isa = PBXGroup;
			children = (
			);
			name = Libraries;
			sourceTree = "<group>";
		};
		83CBB9F61A601CBA00E9B192 = {
			isa = PBXGroup;
			children = (
				13B07FAE1A68108700A75B9A /* HorseShipt */,
				832341AE1AAA6A7D00B99B32 /* Libraries */,
				83CBBA001A601CBA00E9B192 /* Products */,
				2D16E6871FA4F8E400B85C8A /* Frameworks */,
				BBD78D7AC51CEA395F1C20DB /* Pods */,
				DD9280B12A9A4816884899E9 /* Resources */,
			);
			indentWidth = 2;
			sourceTree = "<group>";
			tabWidth = 2;
			usesTabs = 0;
		};
		83CBBA001A601CBA00E9B192 /* Products */ = {
			isa = PBXGroup;
			children = (
				13B07F961A680F5B00A75B9A /* HorseShipt.app */,
			);
			name = Products;
			sourceTree = "<group>";
		};
		BBD78D7AC51CEA395F1C20DB /* Pods */ = {
			isa = PBXGroup;
			children = (
				3B4392A12AC88292D35C810B /* Pods-HorseShipt.debug.xcconfig */,
				5709B34CF0A7D63546082F79 /* Pods-HorseShipt.release.xcconfig */,
			);
			path = Pods;
			sourceTree = "<group>";
		};
		DD9280B12A9A4816884899E9 /* Resources */ = {
			isa = "PBXGroup";
			children = (
				92F09CC21AA84DE79670F7B6 /* DMSans_24pt-Thin.ttf */,
				B2F737176D3A435089C38C90 /* DMSans-Regular.ttf */,
				CAA269B223D14FDB895515C9 /* DMSans_36pt-Black.ttf */,
				B083B41C831E470AB47D2A8A /* DMSans_18pt-Medium.ttf */,
				FDC45372745043678F9368AA /* DMSans_36pt-ExtraBold.ttf */,
				13B426167FEB4DC4A3E313B1 /* DMSans_18pt-Light.ttf */,
				43834CB27B1A4BD4B0B3D06D /* DMSans_36pt-Bold.ttf */,
				CA1E10ADFD234DD0B2BDD5B3 /* DMSans_36pt-Thin.ttf */,
				0FFBECC8D49A4AC0B39B9B61 /* DMSans-ExtraLight.ttf */,
				1FE194A3AACB480F9AE63F63 /* DMSans_24pt-Bold.ttf */,
				E2D3F4F765DE4ECEB0DCE671 /* DMSans-Black.ttf */,
				56F3F18D1CDB467BAA97A631 /* DMSans-ExtraBold.ttf */,
				76643F8E420140B2A6CB5518 /* DMSans-Medium.ttf */,
				879FCDC1D2FA4F0DB6020A7A /* DMSans_18pt-Regular.ttf */,
				F79799CD776D404AAB35F396 /* DMSans_18pt-Black.ttf */,
				7497010866AF45C78FC636AE /* DMSans_36pt-Medium.ttf */,
				90B9CD21628447DFAF7F6A97 /* DMSans_36pt-SemiBold.ttf */,
				02617AE40BC243728DDA1FC1 /* DMSans_18pt-SemiBold.ttf */,
				91F00FFD8FB2427CA6AFF707 /* DMSans_18pt-Bold.ttf */,
				C23086893BBE4E04A89CB93E /* DMSans_18pt-ExtraBold.ttf */,
				68CECDB321974B2093B45DED /* DMSans-Light.ttf */,
				5417A4483B38418FAE01A9E5 /* DMSans-Thin.ttf */,
				35C5A17BD29F4338AEECA30E /* DMSans_24pt-ExtraBold.ttf */,
				13AA788804ED426EB63F4699 /* DMSans_24pt-ExtraLight.ttf */,
				1D0E363F3CCB420A9042F638 /* DMSans_24pt-Regular.ttf */,
				7C952DA46D334F78A2922A38 /* DMSans_36pt-Light.ttf */,
				0208DB5DC49D46BA9CE0EEDD /* DMSans_24pt-Black.ttf */,
				255BF9CE341941EE8F2465C6 /* DMSans_18pt-BlackItalic.ttf */,
				E945558B6C97432691AE7A0A /* DMSans_36pt-ExtraLight.ttf */,
				E021BEFB76FF4D66A3DA5882 /* DMSans-Bold.ttf */,
				E72EFB2BED9B45AB8DFAEEFC /* DMSans_24pt-Medium.ttf */,
				BF2F07D3260F4805A038CCB7 /* DMSans_18pt-ExtraLight.ttf */,
				10C49776D1D44120809ED4DA /* DMSans-SemiBold.ttf */,
				066480E60A9D436591D1B31A /* DMSans_24pt-Light.ttf */,
				4D27EFE518E34A65A312B474 /* DMSans_24pt-SemiBold.ttf */,
				89854F11E5034CE5A98DABF2 /* DMSans_18pt-Thin.ttf */,
				018BF73DAECE4DFFB65EAE38 /* DMSans_36pt-Regular.ttf */,
				4385AE889DE84CD0AE64B609 /* Montserrat-Bold.ttf */,
				E360341112094188BD4FAE65 /* Montserrat-Thin.ttf */,
				7185BDA08DE944439630EBEA /* Montserrat-SemiBold.ttf */,
				1304E03A75CE4D3A98AA1D6C /* Montserrat-Medium.ttf */,
				9479120C025242E9918B4EC3 /* Montserrat-Light.ttf */,
				C004A44CC71D4D7FA6C9B2EB /* Montserrat-ExtraLight.ttf */,
				0626B8563F474F358D2C0F8E /* Montserrat-Black.ttf */,
				958FB69B8D8646079A065D49 /* Montserrat-Regular.ttf */,
				338A03DF20064E008843C2CC /* Montserrat-ExtraBold.ttf */,
			);
			name = Resources;
			sourceTree = "<group>";
			path = "";
		};
/* End PBXGroup section */

/* Begin PBXNativeTarget section */
		13B07F861A680F5B00A75B9A /* HorseShipt */ = {
			isa = PBXNativeTarget;
			buildConfigurationList = 13B07F931A680F5B00A75B9A /* Build configuration list for PBXNativeTarget "HorseShipt" */;
			buildPhases = (
				C38B50BA6285516D6DCD4F65 /* [CP] Check Pods Manifest.lock */,
				13B07F871A680F5B00A75B9A /* Sources */,
				13B07F8C1A680F5B00A75B9A /* Frameworks */,
				13B07F8E1A680F5B00A75B9A /* Resources */,
				00DD1BFF1BD5951E006B06BC /* Bundle React Native code and images */,
				00EEFC60759A1932668264C0 /* [CP] Embed Pods Frameworks */,
				E235C05ADACE081382539298 /* [CP] Copy Pods Resources */,
			);
			buildRules = (
			);
			dependencies = (
			);
			name = HorseShipt;
			productName = HorseShipt;
			productReference = 13B07F961A680F5B00A75B9A /* HorseShipt.app */;
			productType = "com.apple.product-type.application";
		};
/* End PBXNativeTarget section */

/* Begin PBXProject section */
		83CBB9F71A601CBA00E9B192 /* Project object */ = {
			isa = PBXProject;
			attributes = {
				LastUpgradeCheck = 1210;
				TargetAttributes = {
					13B07F861A680F5B00A75B9A = {
						LastSwiftMigration = 1120;
					};
				};
			};
			buildConfigurationList = 83CBB9FA1A601CBA00E9B192 /* Build configuration list for PBXProject "HorseShipt" */;
			compatibilityVersion = "Xcode 12.0";
			developmentRegion = en;
			hasScannedForEncodings = 0;
			knownRegions = (
				en,
				Base,
			);
			mainGroup = 83CBB9F61A601CBA00E9B192;
			productRefGroup = 83CBBA001A601CBA00E9B192 /* Products */;
			projectDirPath = "";
			projectRoot = "";
			targets = (
				13B07F861A680F5B00A75B9A /* HorseShipt */,
			);
		};
/* End PBXProject section */

/* Begin PBXResourcesBuildPhase section */
		13B07F8E1A680F5B00A75B9A /* Resources */ = {
			isa = PBXResourcesBuildPhase;
			buildActionMask = 2147483647;
			files = (
				81AB9BB82411601600AC10FF /* LaunchScreen.storyboard in Resources */,
				13B07FBF1A68108700A75B9A /* Images.xcassets in Resources */,
				1F7304DED85D4E068286D205 /* DMSans_24pt-Thin.ttf in Resources */,
				C3B58C15619D480994879A01 /* DMSans-Regular.ttf in Resources */,
				1F466B54EE9B4780AD66DCF8 /* DMSans_36pt-Black.ttf in Resources */,
				963D9F22CFEA4DF799E9B044 /* DMSans_18pt-Medium.ttf in Resources */,
				D6EDBD640432495A8ECCB018 /* DMSans_36pt-ExtraBold.ttf in Resources */,
				E5A064F3064649D4A0436725 /* DMSans_18pt-Light.ttf in Resources */,
				DF994118FF7A4186AD3B3360 /* DMSans_36pt-Bold.ttf in Resources */,
				EDAE6DE500DE40DA8462951E /* DMSans_36pt-Thin.ttf in Resources */,
				21E79F63C3A242E9A049E6E8 /* DMSans-ExtraLight.ttf in Resources */,
				D033A4DE9103466DAA917839 /* DMSans_24pt-Bold.ttf in Resources */,
				55719F13E8604ECF8D76ACA6 /* DMSans-Black.ttf in Resources */,
				9DDB75DAD58F464F969C957B /* DMSans-ExtraBold.ttf in Resources */,
				DD32716F36E14EA7887F532B /* DMSans-Medium.ttf in Resources */,
				34F2C78C01904C62955EC941 /* DMSans_18pt-Regular.ttf in Resources */,
				23561BA4B5294683B9B42289 /* DMSans_18pt-Black.ttf in Resources */,
				8E56C237BFBC4972A40F8A01 /* DMSans_36pt-Medium.ttf in Resources */,
				169E7ED3C04742DF925EA917 /* DMSans_36pt-SemiBold.ttf in Resources */,
				122B048FBA5D4C959DDB9533 /* DMSans_18pt-SemiBold.ttf in Resources */,
				DFA62577BC3E409FA48DEB55 /* DMSans_18pt-Bold.ttf in Resources */,
				06A8D30EC45A41D88DFCE32F /* DMSans_18pt-ExtraBold.ttf in Resources */,
				25D5AE865F2E40288C1FB2AD /* DMSans-Light.ttf in Resources */,
				AE63C94601B24F6EB320192A /* DMSans-Thin.ttf in Resources */,
				5751DC8F32254F3C9147AAAB /* DMSans_24pt-ExtraBold.ttf in Resources */,
				E3F139DA37E3498CA64398BC /* DMSans_24pt-ExtraLight.ttf in Resources */,
				BFD134E908A64ECB9DC42B20 /* DMSans_24pt-Regular.ttf in Resources */,
				0C7A4E56EC0E4358BA290B6A /* DMSans_36pt-Light.ttf in Resources */,
				998043C0A0CE4FDD864DE59D /* DMSans_24pt-Black.ttf in Resources */,
				26D91E97C5C943C4A6039F66 /* DMSans_18pt-BlackItalic.ttf in Resources */,
				6E8620FDDF594CD8ACAB99A9 /* DMSans_36pt-ExtraLight.ttf in Resources */,
				9370A517F7C94CEFA489DDFB /* DMSans-Bold.ttf in Resources */,
				E4E52D90DB4F47EC8AEA378E /* DMSans_24pt-Medium.ttf in Resources */,
				168D6E52129143ABACEB6862 /* DMSans_18pt-ExtraLight.ttf in Resources */,
				42FC0ADA9EA5483C9F073A41 /* DMSans-SemiBold.ttf in Resources */,
				F090B6C62FB44B8E8C82AC35 /* DMSans_24pt-Light.ttf in Resources */,
				6D9896846B894120A45CD452 /* DMSans_24pt-SemiBold.ttf in Resources */,
				529A4DF9F42C4E7B9DA93351 /* DMSans_18pt-Thin.ttf in Resources */,
				E41843A908B24BF993DC98B3 /* DMSans_36pt-Regular.ttf in Resources */,
				8FA68A70FBCB45729AA1655F /* Montserrat-Bold.ttf in Resources */,
				C5DA08957FBB48588D50AC17 /* Montserrat-Thin.ttf in Resources */,
				E045AFECDEED473386E76176 /* Montserrat-SemiBold.ttf in Resources */,
				498F88AB7B874449A4AB8B54 /* Montserrat-Medium.ttf in Resources */,
				A3A8EFB3749141EE9EA9B8C6 /* Montserrat-Light.ttf in Resources */,
				3B4B4471B4B7476DB61EF7D8 /* Montserrat-ExtraLight.ttf in Resources */,
				75BBBB12A4A644BDB9561CF1 /* Montserrat-Black.ttf in Resources */,
				3B34CC8700A3457E8799800C /* Montserrat-Regular.ttf in Resources */,
				419A3B7331A345BD86BDD42A /* Montserrat-ExtraBold.ttf in Resources */,
			);
			runOnlyForDeploymentPostprocessing = 0;
		};
/* End PBXResourcesBuildPhase section */

/* Begin PBXShellScriptBuildPhase section */
		00DD1BFF1BD5951E006B06BC /* Bundle React Native code and images */ = {
			isa = PBXShellScriptBuildPhase;
			buildActionMask = 2147483647;
			files = (
			);
			inputPaths = (
				"$(SRCROOT)/.xcode.env.local",
				"$(SRCROOT)/.xcode.env",
			);
			name = "Bundle React Native code and images";
			outputPaths = (
			);
			runOnlyForDeploymentPostprocessing = 0;
			shellPath = /bin/sh;
			shellScript = "set -e\n\nWITH_ENVIRONMENT=\"$REACT_NATIVE_PATH/scripts/xcode/with-environment.sh\"\nREACT_NATIVE_XCODE=\"$REACT_NATIVE_PATH/scripts/react-native-xcode.sh\"\n\n/bin/sh -c \"\\\"$WITH_ENVIRONMENT\\\" \\\"$REACT_NATIVE_XCODE\\\"\"\n";
		};
		00EEFC60759A1932668264C0 /* [CP] Embed Pods Frameworks */ = {
			isa = PBXShellScriptBuildPhase;
			buildActionMask = 2147483647;
			files = (
			);
			inputFileListPaths = (
				"${PODS_ROOT}/Target Support Files/Pods-HorseShipt/Pods-HorseShipt-frameworks-${CONFIGURATION}-input-files.xcfilelist",
			);
			name = "[CP] Embed Pods Frameworks";
			outputFileListPaths = (
				"${PODS_ROOT}/Target Support Files/Pods-HorseShipt/Pods-HorseShipt-frameworks-${CONFIGURATION}-output-files.xcfilelist",
			);
			runOnlyForDeploymentPostprocessing = 0;
			shellPath = /bin/sh;
			shellScript = "\"${PODS_ROOT}/Target Support Files/Pods-HorseShipt/Pods-HorseShipt-frameworks.sh\"\n";
			showEnvVarsInLog = 0;
		};
		C38B50BA6285516D6DCD4F65 /* [CP] Check Pods Manifest.lock */ = {
			isa = PBXShellScriptBuildPhase;
			buildActionMask = 2147483647;
			files = (
			);
			inputFileListPaths = (
			);
			inputPaths = (
				"${PODS_PODFILE_DIR_PATH}/Podfile.lock",
				"${PODS_ROOT}/Manifest.lock",
			);
			name = "[CP] Check Pods Manifest.lock";
			outputFileListPaths = (
			);
			outputPaths = (
				"$(DERIVED_FILE_DIR)/Pods-HorseShipt-checkManifestLockResult.txt",
			);
			runOnlyForDeploymentPostprocessing = 0;
			shellPath = /bin/sh;
			shellScript = "diff \"${PODS_PODFILE_DIR_PATH}/Podfile.lock\" \"${PODS_ROOT}/Manifest.lock\" > /dev/null\nif [ $? != 0 ] ; then\n    # print error to STDERR\n    echo \"error: The sandbox is not in sync with the Podfile.lock. Run 'pod install' or update your CocoaPods installation.\" >&2\n    exit 1\nfi\n# This output is used by Xcode 'outputs' to avoid re-running this script phase.\necho \"SUCCESS\" > \"${SCRIPT_OUTPUT_FILE_0}\"\n";
			showEnvVarsInLog = 0;
		};
		E235C05ADACE081382539298 /* [CP] Copy Pods Resources */ = {
			isa = PBXShellScriptBuildPhase;
			buildActionMask = 2147483647;
			files = (
			);
			inputFileListPaths = (
				"${PODS_ROOT}/Target Support Files/Pods-HorseShipt/Pods-HorseShipt-resources-${CONFIGURATION}-input-files.xcfilelist",
			);
			name = "[CP] Copy Pods Resources";
			outputFileListPaths = (
				"${PODS_ROOT}/Target Support Files/Pods-HorseShipt/Pods-HorseShipt-resources-${CONFIGURATION}-output-files.xcfilelist",
			);
			runOnlyForDeploymentPostprocessing = 0;
			shellPath = /bin/sh;
			shellScript = "\"${PODS_ROOT}/Target Support Files/Pods-HorseShipt/Pods-HorseShipt-resources.sh\"\n";
			showEnvVarsInLog = 0;
		};
/* End PBXShellScriptBuildPhase section */

/* Begin PBXSourcesBuildPhase section */
		13B07F871A680F5B00A75B9A /* Sources */ = {
			isa = PBXSourcesBuildPhase;
			buildActionMask = 2147483647;
			files = (
				761780ED2CA45674006654EE /* AppDelegate.swift in Sources */,
			);
			runOnlyForDeploymentPostprocessing = 0;
		};
/* End PBXSourcesBuildPhase section */

/* Begin XCBuildConfiguration section */
		13B07F941A680F5B00A75B9A /* Debug */ = {
			isa = XCBuildConfiguration;
			baseConfigurationReference = 3B4392A12AC88292D35C810B /* Pods-HorseShipt.debug.xcconfig */;
			buildSettings = {
				ASSETCATALOG_COMPILER_APPICON_NAME = AppIcon;
				CLANG_ENABLE_MODULES = YES;
				CURRENT_PROJECT_VERSION = 1;
				ENABLE_BITCODE = NO;
				INFOPLIST_FILE = HorseShipt/Info.plist;
				IPHONEOS_DEPLOYMENT_TARGET = 15.1;
				LD_RUNPATH_SEARCH_PATHS = (
					"$(inherited)",
					"@executable_path/Frameworks",
				);
				MARKETING_VERSION = 1.0;
				OTHER_LDFLAGS = (
					"$(inherited)",
					"-ObjC",
					"-lc++",
				);
				PRODUCT_BUNDLE_IDENTIFIER = "org.reactjs.native.example.$(PRODUCT_NAME:rfc1034identifier)";
				PRODUCT_NAME = HorseShipt;
				SUPPORTED_PLATFORMS = "iphoneos iphonesimulator";
				SWIFT_OPTIMIZATION_LEVEL = "-Onone";
				SWIFT_VERSION = 5.0;
				TARGETED_DEVICE_FAMILY = "1,2";
				VERSIONING_SYSTEM = "apple-generic";
			};
			name = Debug;
		};
		13B07F951A680F5B00A75B9A /* Release */ = {
			isa = XCBuildConfiguration;
			baseConfigurationReference = 5709B34CF0A7D63546082F79 /* Pods-HorseShipt.release.xcconfig */;
			buildSettings = {
				ASSETCATALOG_COMPILER_APPICON_NAME = AppIcon;
				CLANG_ENABLE_MODULES = YES;
				CURRENT_PROJECT_VERSION = 1;
				INFOPLIST_FILE = HorseShipt/Info.plist;
				IPHONEOS_DEPLOYMENT_TARGET = 15.1;
				LD_RUNPATH_SEARCH_PATHS = (
					"$(inherited)",
					"@executable_path/Frameworks",
				);
				MARKETING_VERSION = 1.0;
				OTHER_LDFLAGS = (
					"$(inherited)",
					"-ObjC",
					"-lc++",
				);
				PRODUCT_BUNDLE_IDENTIFIER = "org.reactjs.native.example.$(PRODUCT_NAME:rfc1034identifier)";
				PRODUCT_NAME = HorseShipt;
				SUPPORTED_PLATFORMS = "iphoneos iphonesimulator";
				SWIFT_VERSION = 5.0;
				TARGETED_DEVICE_FAMILY = "1,2";
				VERSIONING_SYSTEM = "apple-generic";
			};
			name = Release;
		};
		83CBBA201A601CBA00E9B192 /* Debug */ = {
			isa = XCBuildConfiguration;
			buildSettings = {
				ALWAYS_SEARCH_USER_PATHS = NO;
				CLANG_ANALYZER_LOCALIZABILITY_NONLOCALIZED = YES;
				CLANG_CXX_LANGUAGE_STANDARD = "c++20";
				CLANG_CXX_LIBRARY = "libc++";
				CLANG_ENABLE_MODULES = YES;
				CLANG_ENABLE_OBJC_ARC = YES;
				CLANG_WARN_BLOCK_CAPTURE_AUTORELEASING = YES;
				CLANG_WARN_BOOL_CONVERSION = YES;
				CLANG_WARN_COMMA = YES;
				CLANG_WARN_CONSTANT_CONVERSION = YES;
				CLANG_WARN_DEPRECATED_OBJC_IMPLEMENTATIONS = YES;
				CLANG_WARN_DIRECT_OBJC_ISA_USAGE = YES_ERROR;
				CLANG_WARN_EMPTY_BODY = YES;
				CLANG_WARN_ENUM_CONVERSION = YES;
				CLANG_WARN_INFINITE_RECURSION = YES;
				CLANG_WARN_INT_CONVERSION = YES;
				CLANG_WARN_NON_LITERAL_NULL_CONVERSION = YES;
				CLANG_WARN_OBJC_IMPLICIT_RETAIN_SELF = YES;
				CLANG_WARN_OBJC_LITERAL_CONVERSION = YES;
				CLANG_WARN_OBJC_ROOT_CLASS = YES_ERROR;
				CLANG_WARN_QUOTED_INCLUDE_IN_FRAMEWORK_HEADER = YES;
				CLANG_WARN_RANGE_LOOP_ANALYSIS = YES;
				CLANG_WARN_STRICT_PROTOTYPES = YES;
				CLANG_WARN_SUSPICIOUS_MOVE = YES;
				CLANG_WARN_UNREACHABLE_CODE = YES;
				CLANG_WARN__DUPLICATE_METHOD_MATCH = YES;
				"CODE_SIGN_IDENTITY[sdk=iphoneos*]" = "iPhone Developer";
				COPY_PHASE_STRIP = NO;
				ENABLE_STRICT_OBJC_MSGSEND = YES;
				ENABLE_TESTABILITY = YES;
				"EXCLUDED_ARCHS[sdk=iphonesimulator*]" = "";
				GCC_C_LANGUAGE_STANDARD = gnu99;
				GCC_DYNAMIC_NO_PIC = NO;
				GCC_NO_COMMON_BLOCKS = YES;
				GCC_OPTIMIZATION_LEVEL = 0;
				GCC_PREPROCESSOR_DEFINITIONS = (
					"DEBUG=1",
					"$(inherited)",
				);
				GCC_SYMBOLS_PRIVATE_EXTERN = NO;
				GCC_WARN_64_TO_32_BIT_CONVERSION = YES;
				GCC_WARN_ABOUT_RETURN_TYPE = YES_ERROR;
				GCC_WARN_UNDECLARED_SELECTOR = YES;
				GCC_WARN_UNINITIALIZED_AUTOS = YES_AGGRESSIVE;
				GCC_WARN_UNUSED_FUNCTION = YES;
				GCC_WARN_UNUSED_VARIABLE = YES;
				IPHONEOS_DEPLOYMENT_TARGET = 15.1;
				LD_RUNPATH_SEARCH_PATHS = (
					/usr/lib/swift,
					"$(inherited)",
				);
				LIBRARY_SEARCH_PATHS = (
					"\"$(SDKROOT)/usr/lib/swift\"",
					"\"$(TOOLCHAIN_DIR)/usr/lib/swift/$(PLATFORM_NAME)\"",
					"\"$(inherited)\"",
				);
				MTL_ENABLE_DEBUG_INFO = YES;
				ONLY_ACTIVE_ARCH = YES;
				OTHER_CPLUSPLUSFLAGS = (
					"$(OTHER_CFLAGS)",
					"-DFOLLY_NO_CONFIG",
					"-DFOLLY_MOBILE=1",
					"-DFOLLY_USE_LIBCPP=1",
					"-DFOLLY_CFG_NO_COROUTINES=1",
					"-DFOLLY_HAVE_CLOCK_GETTIME=1",
				);
				SDKROOT = iphoneos;
			};
			name = Debug;
		};
		83CBBA211A601CBA00E9B192 /* Release */ = {
			isa = XCBuildConfiguration;
			buildSettings = {
				ALWAYS_SEARCH_USER_PATHS = NO;
				CLANG_ANALYZER_LOCALIZABILITY_NONLOCALIZED = YES;
				CLANG_CXX_LANGUAGE_STANDARD = "c++20";
				CLANG_CXX_LIBRARY = "libc++";
				CLANG_ENABLE_MODULES = YES;
				CLANG_ENABLE_OBJC_ARC = YES;
				CLANG_WARN_BLOCK_CAPTURE_AUTORELEASING = YES;
				CLANG_WARN_BOOL_CONVERSION = YES;
				CLANG_WARN_COMMA = YES;
				CLANG_WARN_CONSTANT_CONVERSION = YES;
				CLANG_WARN_DEPRECATED_OBJC_IMPLEMENTATIONS = YES;
				CLANG_WARN_DIRECT_OBJC_ISA_USAGE = YES_ERROR;
				CLANG_WARN_EMPTY_BODY = YES;
				CLANG_WARN_ENUM_CONVERSION = YES;
				CLANG_WARN_INFINITE_RECURSION = YES;
				CLANG_WARN_INT_CONVERSION = YES;
				CLANG_WARN_NON_LITERAL_NULL_CONVERSION = YES;
				CLANG_WARN_OBJC_IMPLICIT_RETAIN_SELF = YES;
				CLANG_WARN_OBJC_LITERAL_CONVERSION = YES;
				CLANG_WARN_OBJC_ROOT_CLASS = YES_ERROR;
				CLANG_WARN_QUOTED_INCLUDE_IN_FRAMEWORK_HEADER = YES;
				CLANG_WARN_RANGE_LOOP_ANALYSIS = YES;
				CLANG_WARN_STRICT_PROTOTYPES = YES;
				CLANG_WARN_SUSPICIOUS_MOVE = YES;
				CLANG_WARN_UNREACHABLE_CODE = YES;
				CLANG_WARN__DUPLICATE_METHOD_MATCH = YES;
				"CODE_SIGN_IDENTITY[sdk=iphoneos*]" = "iPhone Developer";
				COPY_PHASE_STRIP = YES;
				ENABLE_NS_ASSERTIONS = NO;
				ENABLE_STRICT_OBJC_MSGSEND = YES;
				"EXCLUDED_ARCHS[sdk=iphonesimulator*]" = "";
				GCC_C_LANGUAGE_STANDARD = gnu99;
				GCC_NO_COMMON_BLOCKS = YES;
				GCC_WARN_64_TO_32_BIT_CONVERSION = YES;
				GCC_WARN_ABOUT_RETURN_TYPE = YES_ERROR;
				GCC_WARN_UNDECLARED_SELECTOR = YES;
				GCC_WARN_UNINITIALIZED_AUTOS = YES_AGGRESSIVE;
				GCC_WARN_UNUSED_FUNCTION = YES;
				GCC_WARN_UNUSED_VARIABLE = YES;
				IPHONEOS_DEPLOYMENT_TARGET = 15.1;
				LD_RUNPATH_SEARCH_PATHS = (
					/usr/lib/swift,
					"$(inherited)",
				);
				LIBRARY_SEARCH_PATHS = (
					"\"$(SDKROOT)/usr/lib/swift\"",
					"\"$(TOOLCHAIN_DIR)/usr/lib/swift/$(PLATFORM_NAME)\"",
					"\"$(inherited)\"",
				);
				MTL_ENABLE_DEBUG_INFO = NO;
				OTHER_CPLUSPLUSFLAGS = (
					"$(OTHER_CFLAGS)",
					"-DFOLLY_NO_CONFIG",
					"-DFOLLY_MOBILE=1",
					"-DFOLLY_USE_LIBCPP=1",
					"-DFOLLY_CFG_NO_COROUTINES=1",
					"-DFOLLY_HAVE_CLOCK_GETTIME=1",
				);
				SDKROOT = iphoneos;
				VALIDATE_PRODUCT = YES;
			};
			name = Release;
		};
/* End XCBuildConfiguration section */

/* Begin XCConfigurationList section */
		13B07F931A680F5B00A75B9A /* Build configuration list for PBXNativeTarget "HorseShipt" */ = {
			isa = XCConfigurationList;
			buildConfigurations = (
				13B07F941A680F5B00A75B9A /* Debug */,
				13B07F951A680F5B00A75B9A /* Release */,
			);
			defaultConfigurationIsVisible = 0;
			defaultConfigurationName = Release;
		};
		83CBB9FA1A601CBA00E9B192 /* Build configuration list for PBXProject "HorseShipt" */ = {
			isa = XCConfigurationList;
			buildConfigurations = (
				83CBBA201A601CBA00E9B192 /* Debug */,
				83CBBA211A601CBA00E9B192 /* Release */,
			);
			defaultConfigurationIsVisible = 0;
			defaultConfigurationName = Release;
		};
/* End XCConfigurationList section */
	};
	rootObject = 83CBB9F71A601CBA00E9B192 /* Project object */;
}
